
Microsoft Visual Studio Solution File, Format Version 12.00
# Visual Studio Version 16
VisualStudioVersion = 16.0.31112.23
MinimumVisualStudioVersion = 10.0.40219.1
Project("{FAE04EC0-301F-11D3-BF4B-00C04F79EFBC}") = "OpenWasteMapUK", "OpenWasteMapUK\OpenWasteMapUK.csproj", "{2D8EA787-79B0-41A7-A656-99622607E257}"
EndProject
Global
	GlobalSection(SolutionConfigurationPlatforms) = preSolution
		Debug|Any CPU = Debug|Any CPU
		Release|Any CPU = Release|Any CPU
	EndGlobalSection
	GlobalSection(ProjectConfigurationPlatforms) = postSolution
		{2D8EA787-79B0-41A7-A656-99622607E257}.Debug|Any CPU.ActiveCfg = Debug|Any CPU
		{2D8EA787-79B0-41A7-A656-99622607E257}.Debug|Any CPU.Build.0 = Debug|Any CPU
		{2D8EA787-79B0-41A7-A656-99622607E257}.Release|Any CPU.ActiveCfg = Release|Any CPU
		{2D8EA787-79B0-41A7-A656-99622607E257}.Release|Any CPU.Build.0 = Release|Any CPU
	EndGlobalSection
	GlobalSection(SolutionProperties) = preSolution
		HideSolutionNode = FALSE
	EndGlobalSection
	GlobalSection(ExtensibilityGlobals) = postSolution
		SolutionGuid = {21ABC420-24FC-4CB4-A411-91025678CDB9}
	EndGlobalSection
EndGlobal
